Microsoft Visual Studio Solution File, Format Version 12.00
# Visual Studio Version 17
VisualStudioVersion = 17.5.2.0
MinimumVisualStudioVersion = 10.0.40219.1
Project("{2150E333-8FDC-42A3-9474-1A3956D46DE8}") = "macOS", "macOS", "{39AB488F-ACC6-088E-60B8-EDB4664DC1CA}"
EndProject
Project("{FAE04EC0-301F-11D3-BF4B-00C04F79EFBC}") = "HelloWordApp", "macOS\HelloWordApp\HelloWordApp.csproj", "{00EB185C-A61E-7D19-FE92-9411C136FC92}"
EndProject
Global
	GlobalSection(SolutionConfigurationPlatforms) = preSolution
		Debug|Any CPU = Debug|Any CPU
		Release|Any CPU = Release|Any CPU
	EndGlobalSection
	GlobalSection(ProjectConfigurationPlatforms) = postSolution
		{00EB185C-A61E-7D19-FE92-9411C136FC92}.Debug|Any CPU.ActiveCfg = Debug|Any CPU
		{00EB185C-A61E-7D19-FE92-9411C136FC92}.Debug|Any CPU.Build.0 = Debug|Any CPU
		{00EB185C-A61E-7D19-FE92-9411C136FC92}.Release|Any CPU.ActiveCfg = Release|Any CPU
		{00EB185C-A61E-7D19-FE92-9411C136FC92}.Release|Any CPU.Build.0 = Release|Any CPU
	EndGlobalSection
	GlobalSection(SolutionProperties) = preSolution
		HideSolutionNode = FALSE
	EndGlobalSection
	GlobalSection(NestedProjects) = preSolution
		{00EB185C-A61E-7D19-FE92-9411C136FC92} = {39AB488F-ACC6-088E-60B8-EDB4664DC1CA}
	EndGlobalSection
	GlobalSection(ExtensibilityGlobals) = postSolution
		SolutionGuid = {51A9E1D1-07E6-48DE-A065-68C15529BB26}
	EndGlobalSection
EndGlobal
